{
  "nodes": {
    "fenix": {
      "inputs": {
        "nixpkgs": [
          "nixpkgs"
        ],
        "rust-analyzer-src": "rust-analyzer-src"
      },
      "locked": {
        "lastModified": 1720506553,
        "narHash": "sha256-cd8Mt+kqN876nk2zX/BZePiwDvrxgHgoBXJeYIj09es=",
        "owner": "nix-community",
        "repo": "fenix",
        "rev": "5c6f98d68f4825e4fa7b62b65d6777f8d152b3a0",
        "type": "github"
      },
      "original": {
        "owner": "nix-community",
        "repo": "fenix",
        "type": "github"
      }
    },
    "fenix_2": {
      "inputs": {
        "nixpkgs": [
          "mk",
          "nixpkgs"
        ],
        "rust-analyzer-src": "rust-analyzer-src_2"
      },
      "locked": {
        "lastModified": 1720592968,
        "narHash": "sha256-k46iKgWDPXeUeO/ev0kSmjDuEIFw3pzbMqx4FUK9+yk=",
        "owner": "nix-community",
        "repo": "fenix",
        "rev": "1a3edfb3317af90822b892a01708c60d0d30e1d8",
        "type": "github"
      },
      "original": {
        "owner": "nix-community",
        "repo": "fenix",
        "type": "github"
      }
    },
    "flake-utils": {
      "inputs": {
        "systems": "systems"
      },
      "locked": {
        "lastModified": 1710146030,
        "narHash": "sha256-SZ5L6eA7HJ/nmkzGG7/ISclqe6oZdOZTNoesiInkXPQ=",
        "owner": "numtide",
        "repo": "flake-utils",
        "rev": "b1d9ab70662946ef0850d488da1c9019f3a9752a",
        "type": "github"
      },
      "original": {
        "owner": "numtide",
        "repo": "flake-utils",
        "type": "github"
      }
    },
    "mk": {
      "inputs": {
        "fenix": "fenix_2",
        "flake-utils": "flake-utils",
        "nixpkgs": "nixpkgs"
      },
      "locked": {
        "lastModified": 1720610378,
        "narHash": "sha256-DqhRFoWEznUlHjyO8aRZnjITIrcwylnBIeCcqGbVZ+I=",
        "owner": "x0k",
        "repo": "mk",
        "rev": "f1671013ac21c3f9dd460c313976e02f2720ffee",
        "type": "github"
      },
      "original": {
        "owner": "x0k",
        "repo": "mk",
        "type": "github"
      }
    },
    "nixpkgs": {
      "locked": {
        "lastModified": 1720418205,
        "narHash": "sha256-cPJoFPXU44GlhWg4pUk9oUPqurPlCFZ11ZQPk21GTPU=",
        "owner": "nixos",
        "repo": "nixpkgs",
        "rev": "655a58a72a6601292512670343087c2d75d859c1",
        "type": "github"
      },
      "original": {
        "owner": "nixos",
        "ref": "nixos-unstable",
        "repo": "nixpkgs",
        "type": "github"
      }
    },
    "nixpkgs_2": {
      "locked": {
        "lastModified": 1720418205,
        "narHash": "sha256-cPJoFPXU44GlhWg4pUk9oUPqurPlCFZ11ZQPk21GTPU=",
        "owner": "nixos",
        "repo": "nixpkgs",
        "rev": "655a58a72a6601292512670343087c2d75d859c1",
        "type": "github"
      },
      "original": {
        "owner": "nixos",
        "ref": "nixos-unstable",
        "repo": "nixpkgs",
        "type": "github"
      }
    },
    "root": {
      "inputs": {
        "fenix": "fenix",
        "mk": "mk",
        "nixpkgs": "nixpkgs_2"
      }
    },
    "rust-analyzer-src": {
      "flake": false,
      "locked": {
        "lastModified": 1720455058,
        "narHash": "sha256-jqfodED9cglRkRfNI8TBWdjHcEoregUEzZd7+4edDsM=",
        "owner": "rust-lang",
        "repo": "rust-analyzer",
        "rev": "da27b89ca55d066680b2ddbc53477b3816cd5407",
        "type": "github"
      },
      "original": {
        "owner": "rust-lang",
        "ref": "nightly",
        "repo": "rust-analyzer",
        "type": "github"
      }
    },
    "rust-analyzer-src_2": {
      "flake": false,
      "locked": {
        "lastModified": 1720455058,
        "narHash": "sha256-jqfodED9cglRkRfNI8TBWdjHcEoregUEzZd7+4edDsM=",
        "owner": "rust-lang",
        "repo": "rust-analyzer",
        "rev": "da27b89ca55d066680b2ddbc53477b3816cd5407",
        "type": "github"
      },
      "original": {
        "owner": "rust-lang",
        "ref": "nightly",
        "repo": "rust-analyzer",
        "type": "github"
      }
    },
    "systems": {
      "locked": {
        "lastModified": 1681028828,
        "narHash": "sha256-Vy1rq5AaRuLzOxct8nz4T6wlgyUR7zLU309k9mBC768=",
        "owner": "nix-systems",
        "repo": "default",
        "rev": "da67096a3b9bf56a91d16901293e51ba5b49a27e",
        "type": "github"
      },
      "original": {
        "owner": "nix-systems",
        "repo": "default",
        "type": "github"
      }
    }
  },
  "root": "root",
  "version": 7
}
